
Microsoft Visual Studio Solution File, Format Version 12.00
# Visual Studio Version 17
VisualStudioVersion = 17.1.32228.430
MinimumVisualStudioVersion = 10.0.40219.1
Project("{FAE04EC0-301F-11D3-BF4B-00C04F79EFBC}") = "Qwiz", "Qwiz\Qwiz.csproj", "{C462FE53-959E-41BD-AD87-CB868AFAF531}"
EndProject
Global
	GlobalSection(SolutionConfigurationPlatforms) = preSolution
		Debug|Any CPU = Debug|Any CPU
		Release|Any CPU = Release|Any CPU
	EndGlobalSection
	GlobalSection(ProjectConfigurationPlatforms) = postSolution
		{C462FE53-959E-41BD-AD87-CB868AFAF531}.Debug|Any CPU.ActiveCfg = Debug|Any CPU
		{C462FE53-959E-41BD-AD87-CB868AFAF531}.Debug|Any CPU.Build.0 = Debug|Any CPU
		{C462FE53-959E-41BD-AD87-CB868AFAF531}.Release|Any CPU.ActiveCfg = Release|Any CPU
		{C462FE53-959E-41BD-AD87-CB868AFAF531}.Release|Any CPU.Build.0 = Release|Any CPU
	EndGlobalSection
	GlobalSection(SolutionProperties) = preSolution
		HideSolutionNode = FALSE
	EndGlobalSection
	GlobalSection(ExtensibilityGlobals) = postSolution
		SolutionGuid = {F1155526-FFD0-43F1-81C5-110862540273}
	EndGlobalSection
EndGlobal
